
Microsoft Visual Studio Solution File, Format Version 12.00
# Visual Studio Version 17
VisualStudioVersion = 17.4.33205.214
MinimumVisualStudioVersion = 10.0.40219.1
Project("{8BC9CEB8-8B4A-11D0-8D11-00A0C91BC942}") = "类-长方体-圆-点", "类-长方体-圆-点.vcxproj", "{7A1A3290-A092-4980-8519-C341452CA8DC}"
EndProject
Global
	GlobalSection(SolutionConfigurationPlatforms) = preSolution
		Debug|x64 = Debug|x64
		Debug|x86 = Debug|x86
		Release|x64 = Release|x64
		Release|x86 = Release|x86
	EndGlobalSection
	GlobalSection(ProjectConfigurationPlatforms) = postSolution
		{7A1A3290-A092-4980-8519-C341452CA8DC}.Debug|x64.ActiveCfg = Debug|x64
		{7A1A3290-A092-4980-8519-C341452CA8DC}.Debug|x64.Build.0 = Debug|x64
		{7A1A3290-A092-4980-8519-C341452CA8DC}.Debug|x86.ActiveCfg = Debug|Win32
		{7A1A3290-A092-4980-8519-C341452CA8DC}.Debug|x86.Build.0 = Debug|Win32
		{7A1A3290-A092-4980-8519-C341452CA8DC}.Release|x64.ActiveCfg = Release|x64
		{7A1A3290-A092-4980-8519-C341452CA8DC}.Release|x64.Build.0 = Release|x64
		{7A1A3290-A092-4980-8519-C341452CA8DC}.Release|x86.ActiveCfg = Release|Win32
		{7A1A3290-A092-4980-8519-C341452CA8DC}.Release|x86.Build.0 = Release|Win32
	EndGlobalSection
	GlobalSection(SolutionProperties) = preSolution
		HideSolutionNode = FALSE
	EndGlobalSection
	GlobalSection(ExtensibilityGlobals) = postSolution
		SolutionGuid = {D1BD7460-6636-4643-AE8D-D0842A125A5B}
	EndGlobalSection
EndGlobal
